
Microsoft Visual Studio Solution File, Format Version 12.00
# Visual Studio Version 17
VisualStudioVersion = 17.6.33723.286
MinimumVisualStudioVersion = 10.0.40219.1
Project("{FAE04EC0-301F-11D3-BF4B-00C04F79EFBC}") = "Tiktok-api", "Tiktok-api.csproj", "{5D68AC8D-BB88-4210-BEA1-2253EEC1C9BE}"
EndProject
Global
	GlobalSection(SolutionConfigurationPlatforms) = preSolution
		Debug|Any CPU = Debug|Any CPU
		Release|Any CPU = Release|Any CPU
	EndGlobalSection
	GlobalSection(ProjectConfigurationPlatforms) = postSolution
		{5D68AC8D-BB88-4210-BEA1-2253EEC1C9BE}.Debug|Any CPU.ActiveCfg = Debug|Any CPU
		{5D68AC8D-BB88-4210-BEA1-2253EEC1C9BE}.Debug|Any CPU.Build.0 = Debug|Any CPU
		{5D68AC8D-BB88-4210-BEA1-2253EEC1C9BE}.Release|Any CPU.ActiveCfg = Release|Any CPU
		{5D68AC8D-BB88-4210-BEA1-2253EEC1C9BE}.Release|Any CPU.Build.0 = Release|Any CPU
	EndGlobalSection
	GlobalSection(SolutionProperties) = preSolution
		HideSolutionNode = FALSE
	EndGlobalSection
	GlobalSection(ExtensibilityGlobals) = postSolution
		SolutionGuid = {69F35AD1-9C9E-400C-89CC-0F6D8E27B092}
	EndGlobalSection
EndGlobal
